
Microsoft Visual Studio Solution File, Format Version 12.00
# Visual Studio Version 16
VisualStudioVersion = 16.0.29911.84
MinimumVisualStudioVersion = 10.0.40219.1
Project("{FAE04EC0-301F-11D3-BF4B-00C04F79EFBC}") = "EPassport", "EPassport\EPassport.csproj", "{93990541-63A9-431B-A6E3-61837F9F8393}"
EndProject
Global
	GlobalSection(SolutionConfigurationPlatforms) = preSolution
		Debug|Any CPU = Debug|Any CPU
		Release|Any CPU = Release|Any CPU
	EndGlobalSection
	GlobalSection(ProjectConfigurationPlatforms) = postSolution
		{93990541-63A9-431B-A6E3-61837F9F8393}.Debug|Any CPU.ActiveCfg = Debug|Any CPU
		{93990541-63A9-431B-A6E3-61837F9F8393}.Debug|Any CPU.Build.0 = Debug|Any CPU
		{93990541-63A9-431B-A6E3-61837F9F8393}.Release|Any CPU.ActiveCfg = Release|Any CPU
		{93990541-63A9-431B-A6E3-61837F9F8393}.Release|Any CPU.Build.0 = Release|Any CPU
	EndGlobalSection
	GlobalSection(SolutionProperties) = preSolution
		HideSolutionNode = FALSE
	EndGlobalSection
	GlobalSection(ExtensibilityGlobals) = postSolution
		SolutionGuid = {0F79AEE5-E5E0-4295-95DC-1AB2BD538C2A}
	EndGlobalSection
EndGlobal
